core:changelogs:
  - content: "---\npackages:\n  group:dimah-s3:\n    type: patch\n---\n\n### Align create templates with named routes\n\n`dimah-s3 create` starters now pin `@dimah-s3/*` 1.1.0 and use\n`dimahS3({ routes })` with `route()` policies and\n`<UploadButton route=\"uploads\" />`.\n"
    filename: 2026-08-31-a4f2c8.md
    v: 0.0.0
core:packages:
  - changelogIds:
      - 2026-08-31-a4f2c8.md
    id: npm:@dimah-s3/cli
    updated: true
  - changelogIds:
      - 2026-08-31-a4f2c8.md
    id: npm:@dimah-s3/core
    updated: true
  - changelogIds:
      - 2026-08-31-a4f2c8.md
    id: npm:@dimah-s3/db
    updated: true
  - changelogIds:
      - 2026-08-31-a4f2c8.md
    id: npm:@dimah-s3/ui
    updated: true
  - changelogIds:
      - 2026-08-31-a4f2c8.md
    id: npm:@dimah-s3/react
    updated: true
  - changelogIds:
      - 2026-08-31-a4f2c8.md
    id: npm:@dimah-s3/server
    updated: true
npm:packages:
  - id: npm:@dimah-s3/cli
  - id: npm:@dimah-s3/core
  - id: npm:@dimah-s3/db
  - id: npm:@dimah-s3/ui
  - id: npm:@dimah-s3/react
  - id: npm:@dimah-s3/server
